
Microsoft Visual Studio Solution File, Format Version 12.00
# Visual Studio Version 17
VisualStudioVersion = 17.8.34525.116
MinimumVisualStudioVersion = 10.0.40219.1
Project("{FAE04EC0-301F-11D3-BF4B-00C04F79EFBC}") = "Yoyo", "Yoyo.csproj", "{EFA6663E-3F67-4A64-8646-7DC475CE4244}"
EndProject
Global
	GlobalSection(SolutionConfigurationPlatforms) = preSolution
		Debug|Any CPU = Debug|Any CPU
		Release|Any CPU = Release|Any CPU
	EndGlobalSection
	GlobalSection(ProjectConfigurationPlatforms) = postSolution
		{EFA6663E-3F67-4A64-8646-7DC475CE4244}.Debug|Any CPU.ActiveCfg = Debug|Any CPU
		{EFA6663E-3F67-4A64-8646-7DC475CE4244}.Debug|Any CPU.Build.0 = Debug|Any CPU
		{EFA6663E-3F67-4A64-8646-7DC475CE4244}.Release|Any CPU.ActiveCfg = Release|Any CPU
		{EFA6663E-3F67-4A64-8646-7DC475CE4244}.Release|Any CPU.Build.0 = Release|Any CPU
	EndGlobalSection
	GlobalSection(SolutionProperties) = preSolution
		HideSolutionNode = FALSE
	EndGlobalSection
	GlobalSection(ExtensibilityGlobals) = postSolution
		SolutionGuid = {BDA4566E-61ED-45F9-AFCD-619D3EA25E83}
	EndGlobalSection
EndGlobal
